
Microsoft Visual Studio Solution File, Format Version 12.00
Project("{FAE04EC0-301F-11D3-BF4B-00C04F79EFBC}") = "Integration", "Integration\Integration.csproj", "{BA7EBAA0-825F-4602-BF45-BD7856115F6C}"
EndProject
Project("{2150E333-8FDC-42A3-9474-1A3956D46DE8}") = "Tests", "Tests", "{357DDE2E-BFC4-4D65-8182-2A32B49360E9}"
EndProject
Global
	GlobalSection(SolutionConfigurationPlatforms) = preSolution
		Debug|Any CPU = Debug|Any CPU
		Release|Any CPU = Release|Any CPU
	EndGlobalSection
	GlobalSection(ProjectConfigurationPlatforms) = postSolution
		{BA7EBAA0-825F-4602-BF45-BD7856115F6C}.Debug|Any CPU.ActiveCfg = Debug|Any CPU
		{BA7EBAA0-825F-4602-BF45-BD7856115F6C}.Debug|Any CPU.Build.0 = Debug|Any CPU
		{BA7EBAA0-825F-4602-BF45-BD7856115F6C}.Release|Any CPU.ActiveCfg = Release|Any CPU
		{BA7EBAA0-825F-4602-BF45-BD7856115F6C}.Release|Any CPU.Build.0 = Release|Any CPU
	EndGlobalSection
	GlobalSection(NestedProjects) = preSolution
		{BA7EBAA0-825F-4602-BF45-BD7856115F6C} = {357DDE2E-BFC4-4D65-8182-2A32B49360E9}
	EndGlobalSection
EndGlobal
